Microsoft Visual Studio Solution File, Format Version 12.00
# Visual Studio Version 17
VisualStudioVersion = 17.5.2.0
MinimumVisualStudioVersion = 10.0.40219.1
Project("{FAE04EC0-301F-11D3-BF4B-00C04F79EFBC}") = "BankAflevering", "BankAflevering.csproj", "{9270C7B9-00E4-75AD-9090-EE586C65DF62}"
EndProject
Global
	GlobalSection(SolutionConfigurationPlatforms) = preSolution
		Debug|Any CPU = Debug|Any CPU
		Release|Any CPU = Release|Any CPU
	EndGlobalSection
	GlobalSection(ProjectConfigurationPlatforms) = postSolution
		{9270C7B9-00E4-75AD-9090-EE586C65DF62}.Debug|Any CPU.ActiveCfg = Debug|Any CPU
		{9270C7B9-00E4-75AD-9090-EE586C65DF62}.Debug|Any CPU.Build.0 = Debug|Any CPU
		{9270C7B9-00E4-75AD-9090-EE586C65DF62}.Release|Any CPU.ActiveCfg = Release|Any CPU
		{9270C7B9-00E4-75AD-9090-EE586C65DF62}.Release|Any CPU.Build.0 = Release|Any CPU
	EndGlobalSection
	GlobalSection(SolutionProperties) = preSolution
		HideSolutionNode = FALSE
	EndGlobalSection
	GlobalSection(ExtensibilityGlobals) = postSolution
		SolutionGuid = {573D9E55-CECA-4593-966E-8ACBD8A6752A}
	EndGlobalSection
EndGlobal
